// !$*UTF8*$!
{
	archiveVersion = 1;
	classes = {
	};
	objectVersion = 77;
	objects = {

/* Begin PBXBuildFile section */
		22ED7AC52E9EAC8B007A9355 /* RealityKitContent in Frameworks */ = {isa = PBXBuildFile; productRef = 22ED7AC42E9EAC8B007A9355 /* RealityKitContent */; };
/* End PBXBuildFile section */

/* Begin PBXContainerItemProxy section */
		22ED7AD22E9EAC8C007A9355 /* PBXContainerItemProxy */ = {
			isa = PBXContainerItemProxy;
			containerPortal = 22ED7AB72E9EAC8B007A9355 /* Project object */;
			proxyType = 1;
			remoteGlobalIDString = 22ED7ABE2E9EAC8B007A9355;
			remoteInfo = DabriusStreamer;
		};
/* End PBXContainerItemProxy section */

/* Begin PBXFileReference section */
		22ED7ABF2E9EAC8B007A9355 /* DabriusStreamer.app */ = {isa = PBXFileReference; explicitFileType = wrapper.application; includeInIndex = 0; path = DabriusStreamer.app; sourceTree = BUILT_PRODUCTS_DIR; };
		22ED7AC32E9EAC8B007A9355 /* RealityKitContent */ = {isa = PBXFileReference; lastKnownFileType = wrapper; path = RealityKitContent; sourceTree = "<group>"; };
		22ED7AD12E9EAC8C007A9355 /* DabriusStreamerTests.xctest */ = {isa = PBXFileReference; explicitFileType = wrapper.cfbundle; includeInIndex = 0; path = DabriusStreamerTests.xctest; sourceTree = BUILT_PRODUCTS_DIR; };
/* End PBXFileReference section */

/* Begin PBXFileSystemSynchronizedBuildFileExceptionSet section */
		22ED7AD72E9EAC8C007A9355 /* Exceptions for "DabriusStreamer" folder in "DabriusStreamer" target */ = {
			isa = PBXFileSystemSynchronizedBuildFileExceptionSet;
			membershipExceptions = (
				Info.plist,
			);
			target = 22ED7ABE2E9EAC8B007A9355 /* DabriusStreamer */;
		};
/* End PBXFileSystemSynchronizedBuildFileExceptionSet section */

/* Begin PBXFileSystemSynchronizedRootGroup section */
		22ED7AC12E9EAC8B007A9355 /* DabriusStreamer */ = {
			isa = PBXFileSystemSynchronizedRootGroup;
			exceptions = (
				22ED7AD72E9EAC8C007A9355 /* Exceptions for "DabriusStreamer" folder in "DabriusStreamer" target */,
			);
			path = DabriusStreamer;
			sourceTree = "<group>";
		};
		22ED7AD42E9EAC8C007A9355 /* DabriusStreamerTests */ = {
			isa = PBXFileSystemSynchronizedRootGroup;
			path = DabriusStreamerTests;
			sourceTree = "<group>";
		};
/* End PBXFileSystemSynchronizedRootGroup section */

/* Begin PBXFrameworksBuildPhase section */
		22ED7ABC2E9EAC8B007A9355 /* Frameworks */ = {
			isa = PBXFrameworksBuildPhase;
			buildActionMask = 2147483647;
			files = (
				22ED7AC52E9EAC8B007A9355 /* RealityKitContent in Frameworks */,
			);
			runOnlyForDeploymentPostprocessing = 0;
		};
		22ED7ACE2E9EAC8C007A9355 /* Frameworks */ = {
			isa = PBXFrameworksBuildPhase;
			buildActionMask = 2147483647;
			files = (
			);
			runOnlyForDeploymentPostprocessing = 0;
		};
/* End PBXFrameworksBuildPhase section */

/* Begin PBXGroup section */
		22ED7AB62E9EAC8B007A9355 = {
			isa = PBXGroup;
			children = (
				22ED7AC12E9EAC8B007A9355 /* DabriusStreamer */,
				22ED7AC22E9EAC8B007A9355 /* Packages */,
				22ED7AD42E9EAC8C007A9355 /* DabriusStreamerTests */,
				22ED7AC02E9EAC8B007A9355 /* Products */,
			);
			sourceTree = "<group>";
		};
		22ED7AC02E9EAC8B007A9355 /* Products */ = {
			isa = PBXGroup;
			children = (
				22ED7ABF2E9EAC8B007A9355 /* DabriusStreamer.app */,
				22ED7AD12E9EAC8C007A9355 /* DabriusStreamerTests.xctest */,
			);
			name = Products;
			sourceTree = "<group>";
		};
		22ED7AC22E9EAC8B007A9355 /* Packages */ = {
			isa = PBXGroup;
			children = (
				22ED7AC32E9EAC8B007A9355 /* RealityKitContent */,
			);
			path = Packages;
			sourceTree = "<group>";
		};
/* End PBXGroup section */

/* Begin PBXNativeTarget section */
		22ED7ABE2E9EAC8B007A9355 /* DabriusStreamer */ = {
			isa = PBXNativeTarget;
			buildConfigurationList = 22ED7AD82E9EAC8C007A9355 /* Build configuration list for PBXNativeTarget "DabriusStreamer" */;
			buildPhases = (
				22ED7ABB2E9EAC8B007A9355 /* Sources */,
				22ED7ABC2E9EAC8B007A9355 /* Frameworks */,
				22ED7ABD2E9EAC8B007A9355 /* Resources */,
			);
			buildRules = (
			);
			dependencies = (
			);
			fileSystemSynchronizedGroups = (
				22ED7AC12E9EAC8B007A9355 /* DabriusStreamer */,
			);
			name = DabriusStreamer;
			packageProductDependencies = (
				22ED7AC42E9EAC8B007A9355 /* RealityKitContent */,
			);
			productName = DabriusStreamer;
			productReference = 22ED7ABF2E9EAC8B007A9355 /* DabriusStreamer.app */;
			productType = "com.apple.product-type.application";
		};
		22ED7AD02E9EAC8C007A9355 /* DabriusStreamerTests */ = {
			isa = PBXNativeTarget;
			buildConfigurationList = 22ED7ADD2E9EAC8C007A9355 /* Build configuration list for PBXNativeTarget "DabriusStreamerTests" */;
			buildPhases = (
				22ED7ACD2E9EAC8C007A9355 /* Sources */,
				22ED7ACE2E9EAC8C007A9355 /* Frameworks */,
				22ED7ACF2E9EAC8C007A9355 /* Resources */,
			);
			buildRules = (
			);
			dependencies = (
				22ED7AD32E9EAC8C007A9355 /* PBXTargetDependency */,
			);
			fileSystemSynchronizedGroups = (
				22ED7AD42E9EAC8C007A9355 /* DabriusStreamerTests */,
			);
			name = DabriusStreamerTests;
			packageProductDependencies = (
			);
			productName = DabriusStreamerTests;
			productReference = 22ED7AD12E9EAC8C007A9355 /* DabriusStreamerTests.xctest */;
			productType = "com.apple.product-type.bundle.unit-test";
		};
/* End PBXNativeTarget section */

/* Begin PBXProject section */
		22ED7AB72E9EAC8B007A9355 /* Project object */ = {
			isa = PBXProject;
			attributes = {
				BuildIndependentTargetsInParallel = 1;
				LastSwiftUpdateCheck = 2610;
				LastUpgradeCheck = 2610;
				TargetAttributes = {
					22ED7ABE2E9EAC8B007A9355 = {
						CreatedOnToolsVersion = 26.1;
					};
					22ED7AD02E9EAC8C007A9355 = {
						CreatedOnToolsVersion = 26.1;
						TestTargetID = 22ED7ABE2E9EAC8B007A9355;
					};
				};
			};
			buildConfigurationList = 22ED7ABA2E9EAC8B007A9355 /* Build configuration list for PBXProject "DabriusStreamer" */;
			developmentRegion = en;
			hasScannedForEncodings = 0;
			knownRegions = (
				en,
				Base,
			);
			mainGroup = 22ED7AB62E9EAC8B007A9355;
			minimizedProjectReferenceProxies = 1;
			preferredProjectObjectVersion = 77;
			productRefGroup = 22ED7AC02E9EAC8B007A9355 /* Products */;
			projectDirPath = "";
			projectRoot = "";
			targets = (
				22ED7ABE2E9EAC8B007A9355 /* DabriusStreamer */,
				22ED7AD02E9EAC8C007A9355 /* DabriusStreamerTests */,
			);
		};
/* End PBXProject section */

/* Begin PBXResourcesBuildPhase section */
		22ED7ABD2E9EAC8B007A9355 /* Resources */ = {
			isa = PBXResourcesBuildPhase;
			buildActionMask = 2147483647;
			files = (
			);
			runOnlyForDeploymentPostprocessing = 0;
		};
		22ED7ACF2E9EAC8C007A9355 /* Resources */ = {
			isa = PBXResourcesBuildPhase;
			buildActionMask = 2147483647;
			files = (
			);
			runOnlyForDeploymentPostprocessing = 0;
		};
/* End PBXResourcesBuildPhase section */

/* Begin PBXSourcesBuildPhase section */
		22ED7ABB2E9EAC8B007A9355 /* Sources */ = {
			isa = PBXSourcesBuildPhase;
			buildActionMask = 2147483647;
			files = (
			);
			runOnlyForDeploymentPostprocessing = 0;
		};
		22ED7ACD2E9EAC8C007A9355 /* Sources */ = {
			isa = PBXSourcesBuildPhase;
			buildActionMask = 2147483647;
			files = (
			);
			runOnlyForDeploymentPostprocessing = 0;
		};
/* End PBXSourcesBuildPhase section */

/* Begin PBXTargetDependency section */
		22ED7AD32E9EAC8C007A9355 /* PBXTargetDependency */ = {
			isa = PBXTargetDependency;
			target = 22ED7ABE2E9EAC8B007A9355 /* DabriusStreamer */;
			targetProxy = 22ED7AD22E9EAC8C007A9355 /* PBXContainerItemProxy */;
		};
/* End PBXTargetDependency section */

/* Begin XCBuildConfiguration section */
		22ED7AD92E9EAC8C007A9355 /* Debug */ = {
			isa = XCBuildConfiguration;
			buildSettings = {
				ASSETCATALOG_COMPILER_APPICON_NAME = AppIcon;
				ASSETCATALOG_COMPILER_GLOBAL_ACCENT_COLOR_NAME = AccentColor;
				CODE_SIGN_STYLE = Automatic;
				CURRENT_PROJECT_VERSION = 1;
				DEVELOPMENT_TEAM = 9XNX5A55W7;
				ENABLE_PREVIEWS = YES;
				GENERATE_INFOPLIST_FILE = YES;
				INFOPLIST_FILE = "$(TARGET_NAME)/Info.plist";
				INFOPLIST_KEY_NSCameraUsageDescription = "Track hands and body for teleoperation.";
				INFOPLIST_KEY_NSLocalNetworkUsageDescription = "Stream tracking data to my computer on the local network.";
				INFOPLIST_KEY_NSMotionUsageDescription = "Use motion data to improve pose tracking stability.";
				LD_RUNPATH_SEARCH_PATHS = (
					"$(inherited)",
					"@executable_path/Frameworks",
				);
				MARKETING_VERSION = 1.0;
				PRODUCT_BUNDLE_IDENTIFIER = Dabrius.DabriusStreamer;
				PRODUCT_NAME = "$(TARGET_NAME)";
				STRING_CATALOG_GENERATE_SYMBOLS = YES;
				SUPPORTED_PLATFORMS = "xros xrsimulator";
				SWIFT_APPROACHABLE_CONCURRENCY = YES;
				SWIFT_DEFAULT_ACTOR_ISOLATION = MainActor;
				SWIFT_EMIT_LOC_STRINGS = YES;
				SWIFT_UPCOMING_FEATURE_MEMBER_IMPORT_VISIBILITY = YES;
				SWIFT_VERSION = 5.0;
				TARGETED_DEVICE_FAMILY = 7;
			};
			name = Debug;
		};
		22ED7ADA2E9EAC8C007A9355 /* Release */ = {
			isa = XCBuildConfiguration;
			buildSettings = {
				ASSETCATALOG_COMPILER_APPICON_NAME = AppIcon;
				ASSETCATALOG_COMPILER_GLOBAL_ACCENT_COLOR_NAME = AccentColor;
				CODE_SIGN_STYLE = Automatic;
				CURRENT_PROJECT_VERSION = 1;
				DEVELOPMENT_TEAM = 9XNX5A55W7;
				ENABLE_PREVIEWS = YES;
				GENERATE_INFOPLIST_FILE = YES;
				INFOPLIST_FILE = "$(TARGET_NAME)/Info.plist";
				INFOPLIST_KEY_NSCameraUsageDescription = "Track hands and body for teleoperation.";
				INFOPLIST_KEY_NSLocalNetworkUsageDescription = "Stream tracking data to my computer on the local network.";
				INFOPLIST_KEY_NSMotionUsageDescription = "Use motion data to improve pose tracking stability.";
				LD_RUNPATH_SEARCH_PATHS = (
					"$(inherited)",
					"@executable_path/Frameworks",
				);
				MARKETING_VERSION = 1.0;
				PRODUCT_BUNDLE_IDENTIFIER = Dabrius.DabriusStreamer;
				PRODUCT_NAME = "$(TARGET_NAME)";
				STRING_CATALOG_GENERATE_SYMBOLS = YES;
				SUPPORTED_PLATFORMS = "xros xrsimulator";
				SWIFT_APPROACHABLE_CONCURRENCY = YES;
				SWIFT_DEFAULT_ACTOR_ISOLATION = MainActor;
				SWIFT_EMIT_LOC_STRINGS = YES;
				SWIFT_UPCOMING_FEATURE_MEMBER_IMPORT_VISIBILITY = YES;
				SWIFT_VERSION = 5.0;
				TARGETED_DEVICE_FAMILY = 7;
			};
			name = Release;
		};
		22ED7ADB2E9EAC8C007A9355 /* Debug */ = {
			isa = XCBuildConfiguration;
			buildSettings = {
				ALWAYS_SEARCH_USER_PATHS = NO;
				ASSETCATALOG_COMPILER_GENERATE_SWIFT_ASSET_SYMBOL_EXTENSIONS = YES;
				CLANG_ANALYZER_NONNULL = YES;
				CLANG_ANALYZER_NUMBER_OBJECT_CONVERSION = YES_AGGRESSIVE;
				CLANG_CXX_LANGUAGE_STANDARD = "gnu++20";
				CLANG_ENABLE_MODULES = YES;
				CLANG_ENABLE_OBJC_ARC = YES;
				CLANG_ENABLE_OBJC_WEAK = YES;
				CLANG_WARN_BLOCK_CAPTURE_AUTORELEASING = YES;
				CLANG_WARN_BOOL_CONVERSION = YES;
				CLANG_WARN_COMMA = YES;
				CLANG_WARN_CONSTANT_CONVERSION = YES;
				CLANG_WARN_DEPRECATED_OBJC_IMPLEMENTATIONS = YES;
				CLANG_WARN_DIRECT_OBJC_ISA_USAGE = YES_ERROR;
				CLANG_WARN_DOCUMENTATION_COMMENTS = YES;
				CLANG_WARN_EMPTY_BODY = YES;
				CLANG_WARN_ENUM_CONVERSION = YES;
				CLANG_WARN_INFINITE_RECURSION = YES;
				CLANG_WARN_INT_CONVERSION = YES;
				CLANG_WARN_NON_LITERAL_NULL_CONVERSION = YES;
				CLANG_WARN_OBJC_IMPLICIT_RETAIN_SELF = YES;
				CLANG_WARN_OBJC_LITERAL_CONVERSION = YES;
				CLANG_WARN_OBJC_ROOT_CLASS = YES_ERROR;
				CLANG_WARN_QUOTED_INCLUDE_IN_FRAMEWORK_HEADER = YES;
				CLANG_WARN_RANGE_LOOP_ANALYSIS = YES;
				CLANG_WARN_STRICT_PROTOTYPES = YES;
				CLANG_WARN_SUSPICIOUS_MOVE = YES;
				CLANG_WARN_UNGUARDED_AVAILABILITY = YES_AGGRESSIVE;
				CLANG_WARN_UNREACHABLE_CODE = YES;
				CLANG_WARN__DUPLICATE_METHOD_MATCH = YES;
				COPY_PHASE_STRIP = NO;
				DEBUG_INFORMATION_FORMAT = dwarf;
				DEVELOPMENT_TEAM = 9XNX5A55W7;
				ENABLE_STRICT_OBJC_MSGSEND = YES;
				ENABLE_TESTABILITY = YES;
				ENABLE_USER_SCRIPT_SANDBOXING = YES;
				GCC_C_LANGUAGE_STANDARD = gnu17;
				GCC_DYNAMIC_NO_PIC = NO;
				GCC_NO_COMMON_BLOCKS = YES;
				GCC_OPTIMIZATION_LEVEL = 0;
				GCC_PREPROCESSOR_DEFINITIONS = (
					"DEBUG=1",
					"$(inherited)",
				);
				GCC_WARN_64_TO_32_BIT_CONVERSION = YES;
				GCC_WARN_ABOUT_RETURN_TYPE = YES_ERROR;
				GCC_WARN_UNDECLARED_SELECTOR = YES;
				GCC_WARN_UNINITIALIZED_AUTOS = YES_AGGRESSIVE;
				GCC_WARN_UNUSED_FUNCTION = YES;
				GCC_WARN_UNUSED_VARIABLE = YES;
				LOCALIZATION_PREFERS_STRING_CATALOGS = YES;
				MTL_ENABLE_DEBUG_INFO = INCLUDE_SOURCE;
				MTL_FAST_MATH = YES;
				ONLY_ACTIVE_ARCH = YES;
				SDKROOT = xros;
				SWIFT_ACTIVE_COMPILATION_CONDITIONS = "DEBUG $(inherited)";
				SWIFT_OPTIMIZATION_LEVEL = "-Onone";
				XROS_DEPLOYMENT_TARGET = 26.1;
			};
			name = Debug;
		};
		22ED7ADC2E9EAC8C007A9355 /* Release */ = {
			isa = XCBuildConfiguration;
			buildSettings = {
				ALWAYS_SEARCH_USER_PATHS = NO;
				ASSETCATALOG_COMPILER_GENERATE_SWIFT_ASSET_SYMBOL_EXTENSIONS = YES;
				CLANG_ANALYZER_NONNULL = YES;
				CLANG_ANALYZER_NUMBER_OBJECT_CONVERSION = YES_AGGRESSIVE;
				CLANG_CXX_LANGUAGE_STANDARD = "gnu++20";
				CLANG_ENABLE_MODULES = YES;
				CLANG_ENABLE_OBJC_ARC = YES;
				CLANG_ENABLE_OBJC_WEAK = YES;
				CLANG_WARN_BLOCK_CAPTURE_AUTORELEASING = YES;
				CLANG_WARN_BOOL_CONVERSION = YES;
				CLANG_WARN_COMMA = YES;
				CLANG_WARN_CONSTANT_CONVERSION = YES;
				CLANG_WARN_DEPRECATED_OBJC_IMPLEMENTATIONS = YES;
				CLANG_WARN_DIRECT_OBJC_ISA_USAGE = YES_ERROR;
				CLANG_WARN_DOCUMENTATION_COMMENTS = YES;
				CLANG_WARN_EMPTY_BODY = YES;
				CLANG_WARN_ENUM_CONVERSION = YES;
				CLANG_WARN_INFINITE_RECURSION = YES;
				CLANG_WARN_INT_CONVERSION = YES;
				CLANG_WARN_NON_LITERAL_NULL_CONVERSION = YES;
				CLANG_WARN_OBJC_IMPLICIT_RETAIN_SELF = YES;
				CLANG_WARN_OBJC_LITERAL_CONVERSION = YES;
				CLANG_WARN_OBJC_ROOT_CLASS = YES_ERROR;
				CLANG_WARN_QUOTED_INCLUDE_IN_FRAMEWORK_HEADER = YES;
				CLANG_WARN_RANGE_LOOP_ANALYSIS = YES;
				CLANG_WARN_STRICT_PROTOTYPES = YES;
				CLANG_WARN_SUSPICIOUS_MOVE = YES;
				CLANG_WARN_UNGUARDED_AVAILABILITY = YES_AGGRESSIVE;
				CLANG_WARN_UNREACHABLE_CODE = YES;
				CLANG_WARN__DUPLICATE_METHOD_MATCH = YES;
				COPY_PHASE_STRIP = NO;
				DEBUG_INFORMATION_FORMAT = "dwarf-with-dsym";
				DEVELOPMENT_TEAM = 9XNX5A55W7;
				ENABLE_NS_ASSERTIONS = NO;
				ENABLE_STRICT_OBJC_MSGSEND = YES;
				ENABLE_USER_SCRIPT_SANDBOXING = YES;
				GCC_C_LANGUAGE_STANDARD = gnu17;
				GCC_NO_COMMON_BLOCKS = YES;
				GCC_WARN_64_TO_32_BIT_CONVERSION = YES;
				GCC_WARN_ABOUT_RETURN_TYPE = YES_ERROR;
				GCC_WARN_UNDECLARED_SELECTOR = YES;
				GCC_WARN_UNINITIALIZED_AUTOS = YES_AGGRESSIVE;
				GCC_WARN_UNUSED_FUNCTION = YES;
				GCC_WARN_UNUSED_VARIABLE = YES;
				LOCALIZATION_PREFERS_STRING_CATALOGS = YES;
				MTL_ENABLE_DEBUG_INFO = NO;
				MTL_FAST_MATH = YES;
				SDKROOT = xros;
				SWIFT_COMPILATION_MODE = wholemodule;
				VALIDATE_PRODUCT = YES;
				XROS_DEPLOYMENT_TARGET = 26.1;
			};
			name = Release;
		};
		22ED7ADE2E9EAC8C007A9355 /* Debug */ = {
			isa = XCBuildConfiguration;
			buildSettings = {
				BUNDLE_LOADER = "$(TEST_HOST)";
				CODE_SIGN_STYLE = Automatic;
				CURRENT_PROJECT_VERSION = 1;
				DEVELOPMENT_TEAM = 9XNX5A55W7;
				GENERATE_INFOPLIST_FILE = YES;
				MARKETING_VERSION = 1.0;
				PRODUCT_BUNDLE_IDENTIFIER = Dabrius.DabriusStreamerTests;
				PRODUCT_NAME = "$(TARGET_NAME)";
				STRING_CATALOG_GENERATE_SYMBOLS = NO;
				SUPPORTED_PLATFORMS = "xros xrsimulator";
				SWIFT_APPROACHABLE_CONCURRENCY = YES;
				SWIFT_EMIT_LOC_STRINGS = NO;
				SWIFT_UPCOMING_FEATURE_MEMBER_IMPORT_VISIBILITY = YES;
				SWIFT_VERSION = 5.0;
				TARGETED_DEVICE_FAMILY = 7;
				TEST_HOST = "$(BUILT_PRODUCTS_DIR)/DabriusStreamer.app/$(BUNDLE_EXECUTABLE_FOLDER_PATH)/DabriusStreamer";
				XROS_DEPLOYMENT_TARGET = 26.1;
			};
			name = Debug;
		};
		22ED7ADF2E9EAC8C007A9355 /* Release */ = {
			isa = XCBuildConfiguration;
			buildSettings = {
				BUNDLE_LOADER = "$(TEST_HOST)";
				CODE_SIGN_STYLE = Automatic;
				CURRENT_PROJECT_VERSION = 1;
				DEVELOPMENT_TEAM = 9XNX5A55W7;
				GENERATE_INFOPLIST_FILE = YES;
				MARKETING_VERSION = 1.0;
				PRODUCT_BUNDLE_IDENTIFIER = Dabrius.DabriusStreamerTests;
				PRODUCT_NAME = "$(TARGET_NAME)";
				STRING_CATALOG_GENERATE_SYMBOLS = NO;
				SUPPORTED_PLATFORMS = "xros xrsimulator";
				SWIFT_APPROACHABLE_CONCURRENCY = YES;
				SWIFT_EMIT_LOC_STRINGS = NO;
				SWIFT_UPCOMING_FEATURE_MEMBER_IMPORT_VISIBILITY = YES;
				SWIFT_VERSION = 5.0;
				TARGETED_DEVICE_FAMILY = 7;
				TEST_HOST = "$(BUILT_PRODUCTS_DIR)/DabriusStreamer.app/$(BUNDLE_EXECUTABLE_FOLDER_PATH)/DabriusStreamer";
				XROS_DEPLOYMENT_TARGET = 26.1;
			};
			name = Release;
		};
/* End XCBuildConfiguration section */

/* Begin XCConfigurationList section */
		22ED7ABA2E9EAC8B007A9355 /* Build configuration list for PBXProject "DabriusStreamer" */ = {
			isa = XCConfigurationList;
			buildConfigurations = (
				22ED7ADB2E9EAC8C007A9355 /* Debug */,
				22ED7ADC2E9EAC8C007A9355 /* Release */,
			);
			defaultConfigurationIsVisible = 0;
			defaultConfigurationName = Release;
		};
		22ED7AD82E9EAC8C007A9355 /* Build configuration list for PBXNativeTarget "DabriusStreamer" */ = {
			isa = XCConfigurationList;
			buildConfigurations = (
				22ED7AD92E9EAC8C007A9355 /* Debug */,
				22ED7ADA2E9EAC8C007A9355 /* Release */,
			);
			defaultConfigurationIsVisible = 0;
			defaultConfigurationName = Release;
		};
		22ED7ADD2E9EAC8C007A9355 /* Build configuration list for PBXNativeTarget "DabriusStreamerTests" */ = {
			isa = XCConfigurationList;
			buildConfigurations = (
				22ED7ADE2E9EAC8C007A9355 /* Debug */,
				22ED7ADF2E9EAC8C007A9355 /* Release */,
			);
			defaultConfigurationIsVisible = 0;
			defaultConfigurationName = Release;
		};
/* End XCConfigurationList section */

/* Begin XCSwiftPackageProductDependency section */
		22ED7AC42E9EAC8B007A9355 /* RealityKitContent */ = {
			isa = XCSwiftPackageProductDependency;
			productName = RealityKitContent;
		};
/* End XCSwiftPackageProductDependency section */
	};
	rootObject = 22ED7AB72E9EAC8B007A9355 /* Project object */;
}
